
Microsoft Visual Studio Solution File, Format Version 12.00
# Visual Studio Version 16
VisualStudioVersion = 16.0.31313.381
MinimumVisualStudioVersion = 10.0.40219.1
Project("{FAE04EC0-301F-11D3-BF4B-00C04F79EFBC}") = "BackgroundPlaygroundWorker", "BackgroundPlaygroundWorker\BackgroundPlaygroundWorker.csproj", "{2AD37422-B6FD-4B88-B74A-1F463C25968F}"
EndProject
Global
	GlobalSection(SolutionConfigurationPlatforms) = preSolution
		Debug|Any CPU = Debug|Any CPU
		Release|Any CPU = Release|Any CPU
	EndGlobalSection
	GlobalSection(ProjectConfigurationPlatforms) = postSolution
		{2AD37422-B6FD-4B88-B74A-1F463C25968F}.Debug|Any CPU.ActiveCfg = Debug|Any CPU
		{2AD37422-B6FD-4B88-B74A-1F463C25968F}.Debug|Any CPU.Build.0 = Debug|Any CPU
		{2AD37422-B6FD-4B88-B74A-1F463C25968F}.Release|Any CPU.ActiveCfg = Release|Any CPU
		{2AD37422-B6FD-4B88-B74A-1F463C25968F}.Release|Any CPU.Build.0 = Release|Any CPU
	EndGlobalSection
	GlobalSection(SolutionProperties) = preSolution
		HideSolutionNode = FALSE
	EndGlobalSection
	GlobalSection(ExtensibilityGlobals) = postSolution
		SolutionGuid = {D4F490F9-1F9E-48DC-8B97-D2A56398A812}
	EndGlobalSection
EndGlobal
